
Microsoft Visual Studio Solution File, Format Version 12.00
# Visual Studio Version 16
VisualStudioVersion = 16.0.31729.503
MinimumVisualStudioVersion = 10.0.40219.1
Project("{FAE04EC0-301F-11D3-BF4B-00C04F79EFBC}") = "MvcMovie", "MvcMovie.csproj", "{65C3B6FC-2DFF-47AB-BBD1-5DA5DF5F9F26}"
EndProject
Global
	GlobalSection(SolutionConfigurationPlatforms) = preSolution
		Debug|Any CPU = Debug|Any CPU
		Release|Any CPU = Release|Any CPU
	EndGlobalSection
	GlobalSection(ProjectConfigurationPlatforms) = postSolution
		{65C3B6FC-2DFF-47AB-BBD1-5DA5DF5F9F26}.Debug|Any CPU.ActiveCfg = Debug|Any CPU
		{65C3B6FC-2DFF-47AB-BBD1-5DA5DF5F9F26}.Debug|Any CPU.Build.0 = Debug|Any CPU
		{65C3B6FC-2DFF-47AB-BBD1-5DA5DF5F9F26}.Release|Any CPU.ActiveCfg = Release|Any CPU
		{65C3B6FC-2DFF-47AB-BBD1-5DA5DF5F9F26}.Release|Any CPU.Build.0 = Release|Any CPU
	EndGlobalSection
	GlobalSection(SolutionProperties) = preSolution
		HideSolutionNode = FALSE
	EndGlobalSection
	GlobalSection(ExtensibilityGlobals) = postSolution
		SolutionGuid = {D627CE51-B835-45E9-BB35-9B84FCB34B2A}
	EndGlobalSection
EndGlobal
